PODS:
  - Eureka (1.7.0)
  - GesturePassword (0.0.1)

DEPENDENCIES:
  - Eureka (~> 1.7)
  - GesturePassword

SPEC CHECKSUMS:
  Eureka: 2020d9faeef7b7e9adeb9e3d8af779e5931c1897
  GesturePassword: 625fb24b175468228ea72b14e6f3f7fb060ba768

PODFILE CHECKSUM: d5e85009f09a3fbc758181aca2dbf38f32b30000

COCOAPODS: 1.0.0.beta.3
