// !$*UTF8*$!
{
	archiveVersion = 1;
	classes = {
	};
	objectVersion = 46;
	objects = {

/* Begin PBXBuildFile section */
		7C1C2E9880A30B0AF45ED175 /* Pods_GesturePassword.framework in Frameworks */ = {isa = PBXBuildFile; fileRef = ACC63F358680250C4319861A /* Pods_GesturePassword.framework */; };
		BEC3B078208AD84F00A43C30 /* SetPasswordController.swift in Sources */ = {isa = PBXBuildFile; fileRef = BEC3B077208AD84F00A43C30 /* SetPasswordController.swift */; };
		BEC3B07C208B2DE900A43C30 /* UIView+Layout.swift in Sources */ = {isa = PBXBuildFile; fileRef = BEC3B07B208B2DE900A43C30 /* UIView+Layout.swift */; };
		BEEFA907209020B30025BC08 /* LockItemViewNew.swift in Sources */ = {isa = PBXBuildFile; fileRef = BEEFA906209020B30025BC08 /* LockItemViewNew.swift */; };
		D840DB161E442E2100FE1C96 /* Lock.swift in Sources */ = {isa = PBXBuildFile; fileRef = D840DB151E442E2100FE1C96 /* Lock.swift */; };
		D8532D311E4484100018D00F /* Keychain.swift in Sources */ = {isa = PBXBuildFile; fileRef = D8532D301E4484100018D00F /* Keychain.swift */; };
		D8602C751D55FEB00022E93D /* LockStorage.swift in Sources */ = {isa = PBXBuildFile; fileRef = D8602C661D55FEB00022E93D /* LockStorage.swift */; };
		D8602C761D55FEB00022E93D /* LockConstants.swift in Sources */ = {isa = PBXBuildFile; fileRef = D8602C671D55FEB00022E93D /* LockConstants.swift */; };
		D8602C771D55FEB00022E93D /* Extensions.swift in Sources */ = {isa = PBXBuildFile; fileRef = D8602C681D55FEB00022E93D /* Extensions.swift */; };
		D8602C781D55FEB00022E93D /* LockCenter.swift in Sources */ = {isa = PBXBuildFile; fileRef = D8602C691D55FEB00022E93D /* LockCenter.swift */; };
		D8602C791D55FEB00022E93D /* LockController.swift in Sources */ = {isa = PBXBuildFile; fileRef = D8602C6A1D55FEB00022E93D /* LockController.swift */; };
		D8602C7C1D55FEB00022E93D /* LockInfoView.swift in Sources */ = {isa = PBXBuildFile; fileRef = D8602C6D1D55FEB00022E93D /* LockInfoView.swift */; };
		D8602C7D1D55FEB00022E93D /* LockItemLayer.swift in Sources */ = {isa = PBXBuildFile; fileRef = D8602C6E1D55FEB00022E93D /* LockItemLayer.swift */; };
		D8602C7E1D55FEB00022E93D /* LockLabel.swift in Sources */ = {isa = PBXBuildFile; fileRef = D8602C6F1D55FEB00022E93D /* LockLabel.swift */; };
		D8602C7F1D55FEB00022E93D /* LockMainNav.swift in Sources */ = {isa = PBXBuildFile; fileRef = D8602C701D55FEB00022E93D /* LockMainNav.swift */; };
		D8602C801D55FEB00022E93D /* LockOptions.swift in Sources */ = {isa = PBXBuildFile; fileRef = D8602C711D55FEB00022E93D /* LockOptions.swift */; };
		D8602C811D55FEB00022E93D /* LockView.swift in Sources */ = {isa = PBXBuildFile; fileRef = D8602C721D55FEB00022E93D /* LockView.swift */; };
		D8FB37451D55852E0031BBF4 /* AppDelegate.swift in Sources */ = {isa = PBXBuildFile; fileRef = D8FB37441D55852E0031BBF4 /* AppDelegate.swift */; };
		D8FB37471D55852E0031BBF4 /* ViewController.swift in Sources */ = {isa = PBXBuildFile; fileRef = D8FB37461D55852E0031BBF4 /* ViewController.swift */; };
		D8FB374A1D55852E0031BBF4 /* Main.storyboard in Resources */ = {isa = PBXBuildFile; fileRef = D8FB37481D55852E0031BBF4 /* Main.storyboard */; };
		D8FB374C1D55852E0031BBF4 /* Assets.xcassets in Resources */ = {isa = PBXBuildFile; fileRef = D8FB374B1D55852E0031BBF4 /* Assets.xcassets */; };
		D8FB374F1D55852E0031BBF4 /* LaunchScreen.storyboard in Resources */ = {isa = PBXBuildFile; fileRef = D8FB374D1D55852E0031BBF4 /* LaunchScreen.storyboard */; };
		D8FB375A1D55852E0031BBF4 /* GesturePasswordTests.swift in Sources */ = {isa = PBXBuildFile; fileRef = D8FB37591D55852E0031BBF4 /* GesturePasswordTests.swift */; };
		D8FB37651D55852E0031BBF4 /* GesturePasswordUITests.swift in Sources */ = {isa = PBXBuildFile; fileRef = D8FB37641D55852E0031BBF4 /* GesturePasswordUITests.swift */; };
/* End PBXBuildFile section */

/* Begin PBXContainerItemProxy section */
		D8FB37561D55852E0031BBF4 /* PBXContainerItemProxy */ = {
			isa = PBXContainerItemProxy;
			containerPortal = D8FB37391D55852E0031BBF4 /* Project object */;
			proxyType = 1;
			remoteGlobalIDString = D8FB37401D55852E0031BBF4;
			remoteInfo = GesturePassword;
		};
		D8FB37611D55852E0031BBF4 /* PBXContainerItemProxy */ = {
			isa = PBXContainerItemProxy;
			containerPortal = D8FB37391D55852E0031BBF4 /* Project object */;
			proxyType = 1;
			remoteGlobalIDString = D8FB37401D55852E0031BBF4;
			remoteInfo = GesturePassword;
		};
/* End PBXContainerItemProxy section */

/* Begin PBXFileReference section */
		2CB02F168E83160363AAA2B8 /* Pods-GesturePassword.release.xcconfig */ = {isa = PBXFileReference; includeInIndex = 1; lastKnownFileType = text.xcconfig; name = "Pods-GesturePassword.release.xcconfig"; path = "Pods/Target Support Files/Pods-GesturePassword/Pods-GesturePassword.release.xcconfig"; sourceTree = "<group>"; };
		83071E8A1070C7EFC331498C /* Pods_GesturePasswordTests.framework */ = {isa = PBXFileReference; explicitFileType = wrapper.framework; includeInIndex = 0; path = Pods_GesturePasswordTests.framework; sourceTree = BUILT_PRODUCTS_DIR; };
		ACC63F358680250C4319861A /* Pods_GesturePassword.framework */ = {isa = PBXFileReference; explicitFileType = wrapper.framework; includeInIndex = 0; path = Pods_GesturePassword.framework; sourceTree = BUILT_PRODUCTS_DIR; };
		BEC3B077208AD84F00A43C30 /* SetPasswordController.swift */ = {isa = PBXFileReference; lastKnownFileType = sourcecode.swift; path = SetPasswordController.swift; sourceTree = "<group>"; };
		BEC3B07B208B2DE900A43C30 /* UIView+Layout.swift */ = {isa = PBXFileReference; lastKnownFileType = sourcecode.swift; path = "UIView+Layout.swift"; sourceTree = "<group>"; };
		BEEFA906209020B30025BC08 /* LockItemViewNew.swift */ = {isa = PBXFileReference; lastKnownFileType = sourcecode.swift; path = LockItemViewNew.swift; sourceTree = "<group>"; };
		D840DB151E442E2100FE1C96 /* Lock.swift */ = {isa = PBXFileReference; fileEncoding = 4; lastKnownFileType = sourcecode.swift; path = Lock.swift; sourceTree = "<group>"; };
		D8532D301E4484100018D00F /* Keychain.swift */ = {isa = PBXFileReference; fileEncoding = 4; lastKnownFileType = sourcecode.swift; path = Keychain.swift; sourceTree = "<group>"; };
		D8602C621D55D91E0022E93D /* Bridging.h */ = {isa = PBXFileReference; fileEncoding = 4; lastKnownFileType = sourcecode.c.h; path = Bridging.h; sourceTree = "<group>"; };
		D8602C661D55FEB00022E93D /* LockStorage.swift */ = {isa = PBXFileReference; fileEncoding = 4; lastKnownFileType = sourcecode.swift; path = LockStorage.swift; sourceTree = "<group>"; };
		D8602C671D55FEB00022E93D /* LockConstants.swift */ = {isa = PBXFileReference; fileEncoding = 4; lastKnownFileType = sourcecode.swift; path = LockConstants.swift; sourceTree = "<group>"; };
		D8602C681D55FEB00022E93D /* Extensions.swift */ = {isa = PBXFileReference; fileEncoding = 4; lastKnownFileType = sourcecode.swift; path = Extensions.swift; sourceTree = "<group>"; };
		D8602C691D55FEB00022E93D /* LockCenter.swift */ = {isa = PBXFileReference; fileEncoding = 4; lastKnownFileType = sourcecode.swift; path = LockCenter.swift; sourceTree = "<group>"; };
		D8602C6A1D55FEB00022E93D /* LockController.swift */ = {isa = PBXFileReference; fileEncoding = 4; lastKnownFileType = sourcecode.swift; path = LockController.swift; sourceTree = "<group>"; };
		D8602C6D1D55FEB00022E93D /* LockInfoView.swift */ = {isa = PBXFileReference; fileEncoding = 4; lastKnownFileType = sourcecode.swift; path = LockInfoView.swift; sourceTree = "<group>"; };
		D8602C6E1D55FEB00022E93D /* LockItemLayer.swift */ = {isa = PBXFileReference; fileEncoding = 4; lastKnownFileType = sourcecode.swift; path = LockItemLayer.swift; sourceTree = "<group>"; };
		D8602C6F1D55FEB00022E93D /* LockLabel.swift */ = {isa = PBXFileReference; fileEncoding = 4; lastKnownFileType = sourcecode.swift; path = LockLabel.swift; sourceTree = "<group>"; };
		D8602C701D55FEB00022E93D /* LockMainNav.swift */ = {isa = PBXFileReference; fileEncoding = 4; lastKnownFileType = sourcecode.swift; path = LockMainNav.swift; sourceTree = "<group>"; };
		D8602C711D55FEB00022E93D /* LockOptions.swift */ = {isa = PBXFileReference; fileEncoding = 4; lastKnownFileType = sourcecode.swift; path = LockOptions.swift; sourceTree = "<group>"; };
		D8602C721D55FEB00022E93D /* LockView.swift */ = {isa = PBXFileReference; fileEncoding = 4; lastKnownFileType = sourcecode.swift; path = LockView.swift; sourceTree = "<group>"; };
		D8FB37411D55852E0031BBF4 /* GesturePassword.app */ = {isa = PBXFileReference; explicitFileType = wrapper.application; includeInIndex = 0; path = GesturePassword.app; sourceTree = BUILT_PRODUCTS_DIR; };
		D8FB37441D55852E0031BBF4 /* AppDelegate.swift */ = {isa = PBXFileReference; lastKnownFileType = sourcecode.swift; path = AppDelegate.swift; sourceTree = "<group>"; };
		D8FB37461D55852E0031BBF4 /* ViewController.swift */ = {isa = PBXFileReference; lastKnownFileType = sourcecode.swift; path = ViewController.swift; sourceTree = "<group>"; };
		D8FB37491D55852E0031BBF4 /* Base */ = {isa = PBXFileReference; lastKnownFileType = file.storyboard; name = Base; path = Base.lproj/Main.storyboard; sourceTree = "<group>"; };
		D8FB374B1D55852E0031BBF4 /* Assets.xcassets */ = {isa = PBXFileReference; lastKnownFileType = folder.assetcatalog; path = Assets.xcassets; sourceTree = "<group>"; };
		D8FB374E1D55852E0031BBF4 /* Base */ = {isa = PBXFileReference; lastKnownFileType = file.storyboard; name = Base; path = Base.lproj/LaunchScreen.storyboard; sourceTree = "<group>"; };
		D8FB37501D55852E0031BBF4 /* Info.plist */ = {isa = PBXFileReference; lastKnownFileType = text.plist.xml; path = Info.plist; sourceTree = "<group>"; };
		D8FB37551D55852E0031BBF4 /* GesturePasswordTests.xctest */ = {isa = PBXFileReference; explicitFileType = wrapper.cfbundle; includeInIndex = 0; path = GesturePasswordTests.xctest; sourceTree = BUILT_PRODUCTS_DIR; };
		D8FB37591D55852E0031BBF4 /* GesturePasswordTests.swift */ = {isa = PBXFileReference; lastKnownFileType = sourcecode.swift; path = GesturePasswordTests.swift; sourceTree = "<group>"; };
		D8FB375B1D55852E0031BBF4 /* Info.plist */ = {isa = PBXFileReference; lastKnownFileType = text.plist.xml; path = Info.plist; sourceTree = "<group>"; };
		D8FB37601D55852E0031BBF4 /* GesturePasswordUITests.xctest */ = {isa = PBXFileReference; explicitFileType = wrapper.cfbundle; includeInIndex = 0; path = GesturePasswordUITests.xctest; sourceTree = BUILT_PRODUCTS_DIR; };
		D8FB37641D55852E0031BBF4 /* GesturePasswordUITests.swift */ = {isa = PBXFileReference; lastKnownFileType = sourcecode.swift; path = GesturePasswordUITests.swift; sourceTree = "<group>"; };
		D8FB37661D55852E0031BBF4 /* Info.plist */ = {isa = PBXFileReference; lastKnownFileType = text.plist.xml; path = Info.plist; sourceTree = "<group>"; };
		E9C1CC8ACB6C58C1FE0473F1 /* Pods-GesturePassword.debug.xcconfig */ = {isa = PBXFileReference; includeInIndex = 1; lastKnownFileType = text.xcconfig; name = "Pods-GesturePassword.debug.xcconfig"; path = "Pods/Target Support Files/Pods-GesturePassword/Pods-GesturePassword.debug.xcconfig"; sourceTree = "<group>"; };
/* End PBXFileReference section */

/* Begin PBXFrameworksBuildPhase section */
		D8FB373E1D55852E0031BBF4 /* Frameworks */ = {
			isa = PBXFrameworksBuildPhase;
			buildActionMask = 2147483647;
			files = (
				7C1C2E9880A30B0AF45ED175 /* Pods_GesturePassword.framework in Frameworks */,
			);
			runOnlyForDeploymentPostprocessing = 0;
		};
		D8FB37521D55852E0031BBF4 /* Frameworks */ = {
			isa = PBXFrameworksBuildPhase;
			buildActionMask = 2147483647;
			files = (
			);
			runOnlyForDeploymentPostprocessing = 0;
		};
		D8FB375D1D55852E0031BBF4 /* Frameworks */ = {
			isa = PBXFrameworksBuildPhase;
			buildActionMask = 2147483647;
			files = (
			);
			runOnlyForDeploymentPostprocessing = 0;
		};
/* End PBXFrameworksBuildPhase section */

/* Begin PBXGroup section */
		9950972250DD4FE242631A12 /* Frameworks */ = {
			isa = PBXGroup;
			children = (
				ACC63F358680250C4319861A /* Pods_GesturePassword.framework */,
				83071E8A1070C7EFC331498C /* Pods_GesturePasswordTests.framework */,
			);
			name = Frameworks;
			sourceTree = "<group>";
		};
		9C33EDDD983348AED5B649AA /* Pods */ = {
			isa = PBXGroup;
			children = (
				E9C1CC8ACB6C58C1FE0473F1 /* Pods-GesturePassword.debug.xcconfig */,
				2CB02F168E83160363AAA2B8 /* Pods-GesturePassword.release.xcconfig */,
			);
			name = Pods;
			sourceTree = "<group>";
		};
		BEC3B076208AD80E00A43C30 /* Controllers */ = {
			isa = PBXGroup;
			children = (
				BEC3B077208AD84F00A43C30 /* SetPasswordController.swift */,
			);
			path = Controllers;
			sourceTree = "<group>";
		};
		D8602C641D55FEB00022E93D /* Classes */ = {
			isa = PBXGroup;
			children = (
				BEC3B076208AD80E00A43C30 /* Controllers */,
				F73170ED2089E14F004F7635 /* Views */,
				D8532D301E4484100018D00F /* Keychain.swift */,
				D8602C661D55FEB00022E93D /* LockStorage.swift */,
				D8602C671D55FEB00022E93D /* LockConstants.swift */,
				D8602C681D55FEB00022E93D /* Extensions.swift */,
				D8602C691D55FEB00022E93D /* LockCenter.swift */,
				D8602C6A1D55FEB00022E93D /* LockController.swift */,
				D8602C701D55FEB00022E93D /* LockMainNav.swift */,
				D8602C711D55FEB00022E93D /* LockOptions.swift */,
				BEC3B07B208B2DE900A43C30 /* UIView+Layout.swift */,
			);
			name = Classes;
			path = ../../Classes;
			sourceTree = "<group>";
		};
		D8FB37381D55852E0031BBF4 = {
			isa = PBXGroup;
			children = (
				D8FB37431D55852E0031BBF4 /* GesturePassword */,
				D8FB37581D55852E0031BBF4 /* GesturePasswordTests */,
				D8FB37631D55852E0031BBF4 /* GesturePasswordUITests */,
				D8FB37421D55852E0031BBF4 /* Products */,
				9C33EDDD983348AED5B649AA /* Pods */,
				9950972250DD4FE242631A12 /* Frameworks */,
			);
			sourceTree = "<group>";
		};
		D8FB37421D55852E0031BBF4 /* Products */ = {
			isa = PBXGroup;
			children = (
				D8FB37411D55852E0031BBF4 /* GesturePassword.app */,
				D8FB37551D55852E0031BBF4 /* GesturePasswordTests.xctest */,
				D8FB37601D55852E0031BBF4 /* GesturePasswordUITests.xctest */,
			);
			name = Products;
			sourceTree = "<group>";
		};
		D8FB37431D55852E0031BBF4 /* GesturePassword */ = {
			isa = PBXGroup;
			children = (
				D8602C641D55FEB00022E93D /* Classes */,
				D8602C621D55D91E0022E93D /* Bridging.h */,
				D8FB37441D55852E0031BBF4 /* AppDelegate.swift */,
				D8FB37461D55852E0031BBF4 /* ViewController.swift */,
				D840DB151E442E2100FE1C96 /* Lock.swift */,
				D8FB37481D55852E0031BBF4 /* Main.storyboard */,
				D8FB374B1D55852E0031BBF4 /* Assets.xcassets */,
				D8FB374D1D55852E0031BBF4 /* LaunchScreen.storyboard */,
				D8FB37501D55852E0031BBF4 /* Info.plist */,
			);
			path = GesturePassword;
			sourceTree = "<group>";
		};
		D8FB37581D55852E0031BBF4 /* GesturePasswordTests */ = {
			isa = PBXGroup;
			children = (
				D8FB37591D55852E0031BBF4 /* GesturePasswordTests.swift */,
				D8FB375B1D55852E0031BBF4 /* Info.plist */,
			);
			path = GesturePasswordTests;
			sourceTree = "<group>";
		};
		D8FB37631D55852E0031BBF4 /* GesturePasswordUITests */ = {
			isa = PBXGroup;
			children = (
				D8FB37641D55852E0031BBF4 /* GesturePasswordUITests.swift */,
				D8FB37661D55852E0031BBF4 /* Info.plist */,
			);
			path = GesturePasswordUITests;
			sourceTree = "<group>";
		};
		F73170ED2089E14F004F7635 /* Views */ = {
			isa = PBXGroup;
			children = (
				D8602C6D1D55FEB00022E93D /* LockInfoView.swift */,
				D8602C6E1D55FEB00022E93D /* LockItemLayer.swift */,
				D8602C721D55FEB00022E93D /* LockView.swift */,
				D8602C6F1D55FEB00022E93D /* LockLabel.swift */,
				BEEFA906209020B30025BC08 /* LockItemViewNew.swift */,
			);
			path = Views;
			sourceTree = "<group>";
		};
/* End PBXGroup section */

/* Begin PBXNativeTarget section */
		D8FB37401D55852E0031BBF4 /* GesturePassword */ = {
			isa = PBXNativeTarget;
			buildConfigurationList = D8FB37691D55852E0031BBF4 /* Build configuration list for PBXNativeTarget "GesturePassword" */;
			buildPhases = (
				1E7CD6EB90AEB72C17AE35B0 /* [CP] Check Pods Manifest.lock */,
				D8FB373D1D55852E0031BBF4 /* Sources */,
				D8FB373E1D55852E0031BBF4 /* Frameworks */,
				D8FB373F1D55852E0031BBF4 /* Resources */,
				52DA672B7E38797F4345B053 /* [CP] Embed Pods Frameworks */,
				27C3683B469FB0C665BE7FF2 /* [CP] Copy Pods Resources */,
			);
			buildRules = (
			);
			dependencies = (
			);
			name = GesturePassword;
			productName = GesturePassword;
			productReference = D8FB37411D55852E0031BBF4 /* GesturePassword.app */;
			productType = "com.apple.product-type.application";
		};
		D8FB37541D55852E0031BBF4 /* GesturePasswordTests */ = {
			isa = PBXNativeTarget;
			buildConfigurationList = D8FB376C1D55852E0031BBF4 /* Build configuration list for PBXNativeTarget "GesturePasswordTests" */;
			buildPhases = (
				D8FB37511D55852E0031BBF4 /* Sources */,
				D8FB37521D55852E0031BBF4 /* Frameworks */,
				D8FB37531D55852E0031BBF4 /* Resources */,
			);
			buildRules = (
			);
			dependencies = (
				D8FB37571D55852E0031BBF4 /* PBXTargetDependency */,
			);
			name = GesturePasswordTests;
			productName = GesturePasswordTests;
			productReference = D8FB37551D55852E0031BBF4 /* GesturePasswordTests.xctest */;
			productType = "com.apple.product-type.bundle.unit-test";
		};
		D8FB375F1D55852E0031BBF4 /* GesturePasswordUITests */ = {
			isa = PBXNativeTarget;
			buildConfigurationList = D8FB376F1D55852E0031BBF4 /* Build configuration list for PBXNativeTarget "GesturePasswordUITests" */;
			buildPhases = (
				D8FB375C1D55852E0031BBF4 /* Sources */,
				D8FB375D1D55852E0031BBF4 /* Frameworks */,
				D8FB375E1D55852E0031BBF4 /* Resources */,
			);
			buildRules = (
			);
			dependencies = (
				D8FB37621D55852E0031BBF4 /* PBXTargetDependency */,
			);
			name = GesturePasswordUITests;
			productName = GesturePasswordUITests;
			productReference = D8FB37601D55852E0031BBF4 /* GesturePasswordUITests.xctest */;
			productType = "com.apple.product-type.bundle.ui-testing";
		};
/* End PBXNativeTarget section */

/* Begin PBXProject section */
		D8FB37391D55852E0031BBF4 /* Project object */ = {
			isa = PBXProject;
			attributes = {
				LastSwiftUpdateCheck = 0730;
				LastUpgradeCheck = 0930;
				ORGANIZATIONNAME = xiAo_Ju;
				TargetAttributes = {
					D8FB37401D55852E0031BBF4 = {
						CreatedOnToolsVersion = 7.3.1;
						DevelopmentTeam = 7F5YZXGNJ3;
						LastSwiftMigration = 0900;
					};
					D8FB37541D55852E0031BBF4 = {
						CreatedOnToolsVersion = 7.3.1;
						LastSwiftMigration = 0900;
						TestTargetID = D8FB37401D55852E0031BBF4;
					};
					D8FB375F1D55852E0031BBF4 = {
						CreatedOnToolsVersion = 7.3.1;
						LastSwiftMigration = 0900;
						TestTargetID = D8FB37401D55852E0031BBF4;
					};
				};
			};
			buildConfigurationList = D8FB373C1D55852E0031BBF4 /* Build configuration list for PBXProject "GesturePassword" */;
			compatibilityVersion = "Xcode 3.2";
			developmentRegion = English;
			hasScannedForEncodings = 0;
			knownRegions = (
				en,
				Base,
			);
			mainGroup = D8FB37381D55852E0031BBF4;
			productRefGroup = D8FB37421D55852E0031BBF4 /* Products */;
			projectDirPath = "";
			projectRoot = "";
			targets = (
				D8FB37401D55852E0031BBF4 /* GesturePassword */,
				D8FB37541D55852E0031BBF4 /* GesturePasswordTests */,
				D8FB375F1D55852E0031BBF4 /* GesturePasswordUITests */,
			);
		};
/* End PBXProject section */

/* Begin PBXResourcesBuildPhase section */
		D8FB373F1D55852E0031BBF4 /* Resources */ = {
			isa = PBXResourcesBuildPhase;
			buildActionMask = 2147483647;
			files = (
				D8FB374F1D55852E0031BBF4 /* LaunchScreen.storyboard in Resources */,
				D8FB374C1D55852E0031BBF4 /* Assets.xcassets in Resources */,
				D8FB374A1D55852E0031BBF4 /* Main.storyboard in Resources */,
			);
			runOnlyForDeploymentPostprocessing = 0;
		};
		D8FB37531D55852E0031BBF4 /* Resources */ = {
			isa = PBXResourcesBuildPhase;
			buildActionMask = 2147483647;
			files = (
			);
			runOnlyForDeploymentPostprocessing = 0;
		};
		D8FB375E1D55852E0031BBF4 /* Resources */ = {
			isa = PBXResourcesBuildPhase;
			buildActionMask = 2147483647;
			files = (
			);
			runOnlyForDeploymentPostprocessing = 0;
		};
/* End PBXResourcesBuildPhase section */

/* Begin PBXShellScriptBuildPhase section */
		1E7CD6EB90AEB72C17AE35B0 /* [CP] Check Pods Manifest.lock */ = {
			isa = PBXShellScriptBuildPhase;
			buildActionMask = 2147483647;
			files = (
			);
			inputPaths = (
				"${PODS_PODFILE_DIR_PATH}/Podfile.lock",
				"${PODS_ROOT}/Manifest.lock",
			);
			name = "[CP] Check Pods Manifest.lock";
			outputPaths = (
				"$(DERIVED_FILE_DIR)/Pods-GesturePassword-checkManifestLockResult.txt",
			);
			runOnlyForDeploymentPostprocessing = 0;
			shellPath = /bin/sh;
			shellScript = "diff \"${PODS_PODFILE_DIR_PATH}/Podfile.lock\" \"${PODS_ROOT}/Manifest.lock\" > /dev/null\nif [ $? != 0 ] ; then\n    # print error to STDERR\n    echo \"error: The sandbox is not in sync with the Podfile.lock. Run 'pod install' or update your CocoaPods installation.\" >&2\n    exit 1\nfi\n# This output is used by Xcode 'outputs' to avoid re-running this script phase.\necho \"SUCCESS\" > \"${SCRIPT_OUTPUT_FILE_0}\"\n";
			showEnvVarsInLog = 0;
		};
		27C3683B469FB0C665BE7FF2 /* [CP] Copy Pods Resources */ = {
			isa = PBXShellScriptBuildPhase;
			buildActionMask = 2147483647;
			files = (
			);
			inputPaths = (
			);
			name = "[CP] Copy Pods Resources";
			outputPaths = (
			);
			runOnlyForDeploymentPostprocessing = 0;
			shellPath = /bin/sh;
			shellScript = "\"${SRCROOT}/Pods/Target Support Files/Pods-GesturePassword/Pods-GesturePassword-resources.sh\"\n";
			showEnvVarsInLog = 0;
		};
		52DA672B7E38797F4345B053 /* [CP] Embed Pods Frameworks */ = {
			isa = PBXShellScriptBuildPhase;
			buildActionMask = 2147483647;
			files = (
			);
			inputPaths = (
				"${SRCROOT}/Pods/Target Support Files/Pods-GesturePassword/Pods-GesturePassword-frameworks.sh",
				"${BUILT_PRODUCTS_DIR}/Eureka/Eureka.framework",
			);
			name = "[CP] Embed Pods Frameworks";
			outputPaths = (
				"${TARGET_BUILD_DIR}/${FRAMEWORKS_FOLDER_PATH}/Eureka.framework",
			);
			runOnlyForDeploymentPostprocessing = 0;
			shellPath = /bin/sh;
			shellScript = "\"${SRCROOT}/Pods/Target Support Files/Pods-GesturePassword/Pods-GesturePassword-frameworks.sh\"\n";
			showEnvVarsInLog = 0;
		};
/* End PBXShellScriptBuildPhase section */

/* Begin PBXSourcesBuildPhase section */
		D8FB373D1D55852E0031BBF4 /* Sources */ = {
			isa = PBXSourcesBuildPhase;
			buildActionMask = 2147483647;
			files = (
				D8FB37471D55852E0031BBF4 /* ViewController.swift in Sources */,
				D8602C771D55FEB00022E93D /* Extensions.swift in Sources */,
				D8602C7C1D55FEB00022E93D /* LockInfoView.swift in Sources */,
				D8FB37451D55852E0031BBF4 /* AppDelegate.swift in Sources */,
				D8602C7E1D55FEB00022E93D /* LockLabel.swift in Sources */,
				D8602C7D1D55FEB00022E93D /* LockItemLayer.swift in Sources */,
				D8602C7F1D55FEB00022E93D /* LockMainNav.swift in Sources */,
				D8602C791D55FEB00022E93D /* LockController.swift in Sources */,
				D8602C751D55FEB00022E93D /* LockStorage.swift in Sources */,
				BEC3B078208AD84F00A43C30 /* SetPasswordController.swift in Sources */,
				D8602C781D55FEB00022E93D /* LockCenter.swift in Sources */,
				D8602C761D55FEB00022E93D /* LockConstants.swift in Sources */,
				D8602C811D55FEB00022E93D /* LockView.swift in Sources */,
				BEC3B07C208B2DE900A43C30 /* UIView+Layout.swift in Sources */,
				D8602C801D55FEB00022E93D /* LockOptions.swift in Sources */,
				D840DB161E442E2100FE1C96 /* Lock.swift in Sources */,
				D8532D311E4484100018D00F /* Keychain.swift in Sources */,
				BEEFA907209020B30025BC08 /* LockItemViewNew.swift in Sources */,
			);
			runOnlyForDeploymentPostprocessing = 0;
		};
		D8FB37511D55852E0031BBF4 /* Sources */ = {
			isa = PBXSourcesBuildPhase;
			buildActionMask = 2147483647;
			files = (
				D8FB375A1D55852E0031BBF4 /* GesturePasswordTests.swift in Sources */,
			);
			runOnlyForDeploymentPostprocessing = 0;
		};
		D8FB375C1D55852E0031BBF4 /* Sources */ = {
			isa = PBXSourcesBuildPhase;
			buildActionMask = 2147483647;
			files = (
				D8FB37651D55852E0031BBF4 /* GesturePasswordUITests.swift in Sources */,
			);
			runOnlyForDeploymentPostprocessing = 0;
		};
/* End PBXSourcesBuildPhase section */

/* Begin PBXTargetDependency section */
		D8FB37571D55852E0031BBF4 /* PBXTargetDependency */ = {
			isa = PBXTargetDependency;
			target = D8FB37401D55852E0031BBF4 /* GesturePassword */;
			targetProxy = D8FB37561D55852E0031BBF4 /* PBXContainerItemProxy */;
		};
		D8FB37621D55852E0031BBF4 /* PBXTargetDependency */ = {
			isa = PBXTargetDependency;
			target = D8FB37401D55852E0031BBF4 /* GesturePassword */;
			targetProxy = D8FB37611D55852E0031BBF4 /* PBXContainerItemProxy */;
		};
/* End PBXTargetDependency section */

/* Begin PBXVariantGroup section */
		D8FB37481D55852E0031BBF4 /* Main.storyboard */ = {
			isa = PBXVariantGroup;
			children = (
				D8FB37491D55852E0031BBF4 /* Base */,
			);
			name = Main.storyboard;
			sourceTree = "<group>";
		};
		D8FB374D1D55852E0031BBF4 /* LaunchScreen.storyboard */ = {
			isa = PBXVariantGroup;
			children = (
				D8FB374E1D55852E0031BBF4 /* Base */,
			);
			name = LaunchScreen.storyboard;
			sourceTree = "<group>";
		};
/* End PBXVariantGroup section */

/* Begin XCBuildConfiguration section */
		D8FB37671D55852E0031BBF4 /* Debug */ = {
			isa = XCBuildConfiguration;
			buildSettings = {
				ALWAYS_SEARCH_USER_PATHS = NO;
				CLANG_ANALYZER_NONNULL = YES;
				CLANG_CXX_LANGUAGE_STANDARD = "gnu++0x";
				CLANG_CXX_LIBRARY = "libc++";
				CLANG_ENABLE_MODULES = YES;
				CLANG_ENABLE_OBJC_ARC = YES;
				CLANG_WARN_BLOCK_CAPTURE_AUTORELEASING = YES;
				CLANG_WARN_BOOL_CONVERSION = YES;
				CLANG_WARN_COMMA = YES;
				CLANG_WARN_CONSTANT_CONVERSION = YES;
				CLANG_WARN_DEPRECATED_OBJC_IMPLEMENTATIONS = YES;
				CLANG_WARN_DIRECT_OBJC_ISA_USAGE = YES_ERROR;
				CLANG_WARN_EMPTY_BODY = YES;
				CLANG_WARN_ENUM_CONVERSION = YES;
				CLANG_WARN_INFINITE_RECURSION = YES;
				CLANG_WARN_INT_CONVERSION = YES;
				CLANG_WARN_NON_LITERAL_NULL_CONVERSION = YES;
				CLANG_WARN_OBJC_IMPLICIT_RETAIN_SELF = YES;
				CLANG_WARN_OBJC_LITERAL_CONVERSION = YES;
				CLANG_WARN_OBJC_ROOT_CLASS = YES_ERROR;
				CLANG_WARN_RANGE_LOOP_ANALYSIS = YES;
				CLANG_WARN_STRICT_PROTOTYPES = YES;
				CLANG_WARN_SUSPICIOUS_MOVE = YES;
				CLANG_WARN_UNREACHABLE_CODE = YES;
				CLANG_WARN__DUPLICATE_METHOD_MATCH = YES;
				"CODE_SIGN_IDENTITY[sdk=iphoneos*]" = "iPhone Developer";
				COPY_PHASE_STRIP = NO;
				DEBUG_INFORMATION_FORMAT = dwarf;
				ENABLE_STRICT_OBJC_MSGSEND = YES;
				ENABLE_TESTABILITY = YES;
				GCC_C_LANGUAGE_STANDARD = gnu99;
				GCC_DYNAMIC_NO_PIC = NO;
				GCC_NO_COMMON_BLOCKS = YES;
				GCC_OPTIMIZATION_LEVEL = 0;
				GCC_PREPROCESSOR_DEFINITIONS = (
					"DEBUG=1",
					"$(inherited)",
				);
				GCC_WARN_64_TO_32_BIT_CONVERSION = YES;
				GCC_WARN_ABOUT_RETURN_TYPE = YES_ERROR;
				GCC_WARN_UNDECLARED_SELECTOR = YES;
				GCC_WARN_UNINITIALIZED_AUTOS = YES_AGGRESSIVE;
				GCC_WARN_UNUSED_FUNCTION = YES;
				GCC_WARN_UNUSED_VARIABLE = YES;
				IPHONEOS_DEPLOYMENT_TARGET = 9.3;
				MTL_ENABLE_DEBUG_INFO = YES;
				ONLY_ACTIVE_ARCH = YES;
				OTHER_SWIFT_FLAGS = "-Xfrontend -debug-time-function-bodies";
				SDKROOT = iphoneos;
				SWIFT_OPTIMIZATION_LEVEL = "-Onone";
				SWIFT_VERSION = 4.0;
			};
			name = Debug;
		};
		D8FB37681D55852E0031BBF4 /* Release */ = {
			isa = XCBuildConfiguration;
			buildSettings = {
				ALWAYS_SEARCH_USER_PATHS = NO;
				CLANG_ANALYZER_NONNULL = YES;
				CLANG_CXX_LANGUAGE_STANDARD = "gnu++0x";
				CLANG_CXX_LIBRARY = "libc++";
				CLANG_ENABLE_MODULES = YES;
				CLANG_ENABLE_OBJC_ARC = YES;
				CLANG_WARN_BLOCK_CAPTURE_AUTORELEASING = YES;
				CLANG_WARN_BOOL_CONVERSION = YES;
				CLANG_WARN_COMMA = YES;
				CLANG_WARN_CONSTANT_CONVERSION = YES;
				CLANG_WARN_DEPRECATED_OBJC_IMPLEMENTATIONS = YES;
				CLANG_WARN_DIRECT_OBJC_ISA_USAGE = YES_ERROR;
				CLANG_WARN_EMPTY_BODY = YES;
				CLANG_WARN_ENUM_CONVERSION = YES;
				CLANG_WARN_INFINITE_RECURSION = YES;
				CLANG_WARN_INT_CONVERSION = YES;
				CLANG_WARN_NON_LITERAL_NULL_CONVERSION = YES;
				CLANG_WARN_OBJC_IMPLICIT_RETAIN_SELF = YES;
				CLANG_WARN_OBJC_LITERAL_CONVERSION = YES;
				CLANG_WARN_OBJC_ROOT_CLASS = YES_ERROR;
				CLANG_WARN_RANGE_LOOP_ANALYSIS = YES;
				CLANG_WARN_STRICT_PROTOTYPES = YES;
				CLANG_WARN_SUSPICIOUS_MOVE = YES;
				CLANG_WARN_UNREACHABLE_CODE = YES;
				CLANG_WARN__DUPLICATE_METHOD_MATCH = YES;
				"CODE_SIGN_IDENTITY[sdk=iphoneos*]" = "iPhone Developer";
				COPY_PHASE_STRIP = NO;
				DEBUG_INFORMATION_FORMAT = "dwarf-with-dsym";
				ENABLE_NS_ASSERTIONS = NO;
				ENABLE_STRICT_OBJC_MSGSEND = YES;
				GCC_C_LANGUAGE_STANDARD = gnu99;
				GCC_NO_COMMON_BLOCKS = YES;
				GCC_WARN_64_TO_32_BIT_CONVERSION = YES;
				GCC_WARN_ABOUT_RETURN_TYPE = YES_ERROR;
				GCC_WARN_UNDECLARED_SELECTOR = YES;
				GCC_WARN_UNINITIALIZED_AUTOS = YES_AGGRESSIVE;
				GCC_WARN_UNUSED_FUNCTION = YES;
				GCC_WARN_UNUSED_VARIABLE = YES;
				IPHONEOS_DEPLOYMENT_TARGET = 9.3;
				MTL_ENABLE_DEBUG_INFO = NO;
				OTHER_SWIFT_FLAGS = "-Xfrontend -debug-time-function-bodies";
				SDKROOT = iphoneos;
				SWIFT_OPTIMIZATION_LEVEL = "-Owholemodule";
				SWIFT_VERSION = 4.0;
				VALIDATE_PRODUCT = YES;
			};
			name = Release;
		};
		D8FB376A1D55852E0031BBF4 /* Debug */ = {
			isa = XCBuildConfiguration;
			baseConfigurationReference = E9C1CC8ACB6C58C1FE0473F1 /* Pods-GesturePassword.debug.xcconfig */;
			buildSettings = {
				ALWAYS_EMBED_SWIFT_STANDARD_LIBRARIES = "$(inherited)";
				ASSETCATALOG_COMPILER_APPICON_NAME = AppIcon;
				DEVELOPMENT_TEAM = 7F5YZXGNJ3;
				INFOPLIST_FILE = GesturePassword/Info.plist;
				IPHONEOS_DEPLOYMENT_TARGET = 9.0;
				LD_RUNPATH_SEARCH_PATHS = "$(inherited) @executable_path/Frameworks";
				PRODUCT_BUNDLE_IDENTIFIER = GesturePassword;
				PRODUCT_NAME = "$(TARGET_NAME)";
				SWIFT_OBJC_BRIDGING_HEADER = GesturePassword/Bridging.h;
				SWIFT_SWIFT3_OBJC_INFERENCE = Default;
				SWIFT_VERSION = 4.0;
			};
			name = Debug;
		};
		D8FB376B1D55852E0031BBF4 /* Release */ = {
			isa = XCBuildConfiguration;
			baseConfigurationReference = 2CB02F168E83160363AAA2B8 /* Pods-GesturePassword.release.xcconfig */;
			buildSettings = {
				ALWAYS_EMBED_SWIFT_STANDARD_LIBRARIES = "$(inherited)";
				ASSETCATALOG_COMPILER_APPICON_NAME = AppIcon;
				DEVELOPMENT_TEAM = 7F5YZXGNJ3;
				INFOPLIST_FILE = GesturePassword/Info.plist;
				IPHONEOS_DEPLOYMENT_TARGET = 9.0;
				LD_RUNPATH_SEARCH_PATHS = "$(inherited) @executable_path/Frameworks";
				PRODUCT_BUNDLE_IDENTIFIER = GesturePassword;
				PRODUCT_NAME = "$(TARGET_NAME)";
				SWIFT_OBJC_BRIDGING_HEADER = GesturePassword/Bridging.h;
				SWIFT_SWIFT3_OBJC_INFERENCE = Default;
				SWIFT_VERSION = 4.0;
			};
			name = Release;
		};
		D8FB376D1D55852E0031BBF4 /* Debug */ = {
			isa = XCBuildConfiguration;
			buildSettings = {
				BUNDLE_LOADER = "$(TEST_HOST)";
				INFOPLIST_FILE = GesturePasswordTests/Info.plist;
				LD_RUNPATH_SEARCH_PATHS = "$(inherited) @executable_path/Frameworks @loader_path/Frameworks";
				PRODUCT_BUNDLE_IDENTIFIER = GesturePassword.GesturePasswordTests;
				PRODUCT_NAME = "$(TARGET_NAME)";
				SWIFT_SWIFT3_OBJC_INFERENCE = On;
				SWIFT_VERSION = 4.0;
				TEST_HOST = "$(BUILT_PRODUCTS_DIR)/GesturePassword.app/GesturePassword";
			};
			name = Debug;
		};
		D8FB376E1D55852E0031BBF4 /* Release */ = {
			isa = XCBuildConfiguration;
			buildSettings = {
				BUNDLE_LOADER = "$(TEST_HOST)";
				INFOPLIST_FILE = GesturePasswordTests/Info.plist;
				LD_RUNPATH_SEARCH_PATHS = "$(inherited) @executable_path/Frameworks @loader_path/Frameworks";
				PRODUCT_BUNDLE_IDENTIFIER = GesturePassword.GesturePasswordTests;
				PRODUCT_NAME = "$(TARGET_NAME)";
				SWIFT_SWIFT3_OBJC_INFERENCE = On;
				SWIFT_VERSION = 4.0;
				TEST_HOST = "$(BUILT_PRODUCTS_DIR)/GesturePassword.app/GesturePassword";
			};
			name = Release;
		};
		D8FB37701D55852E0031BBF4 /* Debug */ = {
			isa = XCBuildConfiguration;
			buildSettings = {
				INFOPLIST_FILE = GesturePasswordUITests/Info.plist;
				LD_RUNPATH_SEARCH_PATHS = "$(inherited) @executable_path/Frameworks @loader_path/Frameworks";
				PRODUCT_BUNDLE_IDENTIFIER = GesturePassword.GesturePasswordUITests;
				PRODUCT_NAME = "$(TARGET_NAME)";
				SWIFT_SWIFT3_OBJC_INFERENCE = On;
				SWIFT_VERSION = 4.0;
				TEST_TARGET_NAME = GesturePassword;
			};
			name = Debug;
		};
		D8FB37711D55852E0031BBF4 /* Release */ = {
			isa = XCBuildConfiguration;
			buildSettings = {
				INFOPLIST_FILE = GesturePasswordUITests/Info.plist;
				LD_RUNPATH_SEARCH_PATHS = "$(inherited) @executable_path/Frameworks @loader_path/Frameworks";
				PRODUCT_BUNDLE_IDENTIFIER = GesturePassword.GesturePasswordUITests;
				PRODUCT_NAME = "$(TARGET_NAME)";
				SWIFT_SWIFT3_OBJC_INFERENCE = On;
				SWIFT_VERSION = 4.0;
				TEST_TARGET_NAME = GesturePassword;
			};
			name = Release;
		};
/* End XCBuildConfiguration section */

/* Begin XCConfigurationList section */
		D8FB373C1D55852E0031BBF4 /* Build configuration list for PBXProject "GesturePassword" */ = {
			isa = XCConfigurationList;
			buildConfigurations = (
				D8FB37671D55852E0031BBF4 /* Debug */,
				D8FB37681D55852E0031BBF4 /* Release */,
			);
			defaultConfigurationIsVisible = 0;
			defaultConfigurationName = Release;
		};
		D8FB37691D55852E0031BBF4 /* Build configuration list for PBXNativeTarget "GesturePassword" */ = {
			isa = XCConfigurationList;
			buildConfigurations = (
				D8FB376A1D55852E0031BBF4 /* Debug */,
				D8FB376B1D55852E0031BBF4 /* Release */,
			);
			defaultConfigurationIsVisible = 0;
			defaultConfigurationName = Release;
		};
		D8FB376C1D55852E0031BBF4 /* Build configuration list for PBXNativeTarget "GesturePasswordTests" */ = {
			isa = XCConfigurationList;
			buildConfigurations = (
				D8FB376D1D55852E0031BBF4 /* Debug */,
				D8FB376E1D55852E0031BBF4 /* Release */,
			);
			defaultConfigurationIsVisible = 0;
			defaultConfigurationName = Release;
		};
		D8FB376F1D55852E0031BBF4 /* Build configuration list for PBXNativeTarget "GesturePasswordUITests" */ = {
			isa = XCConfigurationList;
			buildConfigurations = (
				D8FB37701D55852E0031BBF4 /* Debug */,
				D8FB37711D55852E0031BBF4 /* Release */,
			);
			defaultConfigurationIsVisible = 0;
			defaultConfigurationName = Release;
		};
/* End XCConfigurationList section */
	};
	rootObject = D8FB37391D55852E0031BBF4 /* Project object */;
}
